
Microsoft Visual Studio Solution File, Format Version 12.00
# Visual Studio Version 17
VisualStudioVersion = 17.3.32922.545
MinimumVisualStudioVersion = 10.0.40219.1
Project("{2150E333-8FDC-42A3-9474-1A3956D46DE8}") = "doc", "doc", "{40588A92-D028-4344-AE8E-BC0D9F66F178}"
EndProject
Project("{2150E333-8FDC-42A3-9474-1A3956D46DE8}") = "src", "src", "{CD4141DD-EF47-4360-86A6-4C86D23335DE}"
EndProject
Project("{2150E333-8FDC-42A3-9474-1A3956D46DE8}") = "test", "test", "{4D287158-6EB6-4440-940C-DF68E2F414A6}"
EndProject
Project("{2150E333-8FDC-42A3-9474-1A3956D46DE8}") = "EndPoint", "EndPoint", "{8E41DF0F-6FB8-49BB-9A44-38DBD0D095AA}"
EndProject
Project("{2150E333-8FDC-42A3-9474-1A3956D46DE8}") = "Domain", "Domain", "{92872EBD-D424-4776-BA8A-13A4FD7D2CD3}"
EndProject
Project("{2150E333-8FDC-42A3-9474-1A3956D46DE8}") = "Application", "Application", "{6D91FCCA-8144-4EB1-9640-39186CB0AA59}"
EndProject
Project("{2150E333-8FDC-42A3-9474-1A3956D46DE8}") = "Infrastructure", "Infrastructure", "{AC531110-F58F-415A-93FA-F2A4828273DF}"
EndProject
Project("{9A19103F-16F7-4668-BE54-9A1E7A4F7556}") = "Application", "src\Application\Application\Application.csproj", "{18F36A82-D412-48F0-BE44-9EDB3D349793}"
EndProject
Project("{9A19103F-16F7-4668-BE54-9A1E7A4F7556}") = "Application.Contract", "src\Application\Application.Contract\Application.Contract.csproj", "{C8CD800B-EF24-4AE0-9168-EF3AF6D13348}"
EndProject
Project("{9A19103F-16F7-4668-BE54-9A1E7A4F7556}") = "Domain", "src\Domain\Domain\Domain.csproj", "{CF737489-D02B-4DA7-9A46-AD31C91407D8}"
EndProject
Project("{9A19103F-16F7-4668-BE54-9A1E7A4F7556}") = "Domain.Contract", "src\Domain\Domain.Contract\Domain.Contract.csproj", "{C4C023FD-A2D5-4FE9-B2C4-B9ED48E431AF}"
EndProject
Project("{9A19103F-16F7-4668-BE54-9A1E7A4F7556}") = "Configs", "src\Infrastructure\Configs\Configs.csproj", "{7EBE1F6A-F4B6-4E89-8419-32A77B61DD92}"
EndProject
Project("{9A19103F-16F7-4668-BE54-9A1E7A4F7556}") = "Persistance", "src\Infrastructure\Persistance\Persistance.csproj", "{E43FB7A2-52F0-4B15-BB2F-D326D6966F75}"
EndProject
Project("{9A19103F-16F7-4668-BE54-9A1E7A4F7556}") = "IdentityEndPoint", "src\EndPoint\IdentityEndPoint\IdentityEndPoint.csproj", "{C8DBC6DB-9D43-4C2C-9D90-BE4B6587D666}"
EndProject
Global
	GlobalSection(SolutionConfigurationPlatforms) = preSolution
		Debug|Any CPU = Debug|Any CPU
		Release|Any CPU = Release|Any CPU
	EndGlobalSection
	GlobalSection(ProjectConfigurationPlatforms) = postSolution
		{18F36A82-D412-48F0-BE44-9EDB3D349793}.Debug|Any CPU.ActiveCfg = Debug|Any CPU
		{18F36A82-D412-48F0-BE44-9EDB3D349793}.Debug|Any CPU.Build.0 = Debug|Any CPU
		{18F36A82-D412-48F0-BE44-9EDB3D349793}.Release|Any CPU.ActiveCfg = Release|Any CPU
		{18F36A82-D412-48F0-BE44-9EDB3D349793}.Release|Any CPU.Build.0 = Release|Any CPU
		{C8CD800B-EF24-4AE0-9168-EF3AF6D13348}.Debug|Any CPU.ActiveCfg = Debug|Any CPU
		{C8CD800B-EF24-4AE0-9168-EF3AF6D13348}.Debug|Any CPU.Build.0 = Debug|Any CPU
		{C8CD800B-EF24-4AE0-9168-EF3AF6D13348}.Release|Any CPU.ActiveCfg = Release|Any CPU
		{C8CD800B-EF24-4AE0-9168-EF3AF6D13348}.Release|Any CPU.Build.0 = Release|Any CPU
		{CF737489-D02B-4DA7-9A46-AD31C91407D8}.Debug|Any CPU.ActiveCfg = Debug|Any CPU
		{CF737489-D02B-4DA7-9A46-AD31C91407D8}.Debug|Any CPU.Build.0 = Debug|Any CPU
		{CF737489-D02B-4DA7-9A46-AD31C91407D8}.Release|Any CPU.ActiveCfg = Release|Any CPU
		{CF737489-D02B-4DA7-9A46-AD31C91407D8}.Release|Any CPU.Build.0 = Release|Any CPU
		{C4C023FD-A2D5-4FE9-B2C4-B9ED48E431AF}.Debug|Any CPU.ActiveCfg = Debug|Any CPU
		{C4C023FD-A2D5-4FE9-B2C4-B9ED48E431AF}.Debug|Any CPU.Build.0 = Debug|Any CPU
		{C4C023FD-A2D5-4FE9-B2C4-B9ED48E431AF}.Release|Any CPU.ActiveCfg = Release|Any CPU
		{C4C023FD-A2D5-4FE9-B2C4-B9ED48E431AF}.Release|Any CPU.Build.0 = Release|Any CPU
		{7EBE1F6A-F4B6-4E89-8419-32A77B61DD92}.Debug|Any CPU.ActiveCfg = Debug|Any CPU
		{7EBE1F6A-F4B6-4E89-8419-32A77B61DD92}.Debug|Any CPU.Build.0 = Debug|Any CPU
		{7EBE1F6A-F4B6-4E89-8419-32A77B61DD92}.Release|Any CPU.ActiveCfg = Release|Any CPU
		{7EBE1F6A-F4B6-4E89-8419-32A77B61DD92}.Release|Any CPU.Build.0 = Release|Any CPU
		{E43FB7A2-52F0-4B15-BB2F-D326D6966F75}.Debug|Any CPU.ActiveCfg = Debug|Any CPU
		{E43FB7A2-52F0-4B15-BB2F-D326D6966F75}.Debug|Any CPU.Build.0 = Debug|Any CPU
		{E43FB7A2-52F0-4B15-BB2F-D326D6966F75}.Release|Any CPU.ActiveCfg = Release|Any CPU
		{E43FB7A2-52F0-4B15-BB2F-D326D6966F75}.Release|Any CPU.Build.0 = Release|Any CPU
		{C8DBC6DB-9D43-4C2C-9D90-BE4B6587D666}.Debug|Any CPU.ActiveCfg = Debug|Any CPU
		{C8DBC6DB-9D43-4C2C-9D90-BE4B6587D666}.Debug|Any CPU.Build.0 = Debug|Any CPU
		{C8DBC6DB-9D43-4C2C-9D90-BE4B6587D666}.Release|Any CPU.ActiveCfg = Release|Any CPU
		{C8DBC6DB-9D43-4C2C-9D90-BE4B6587D666}.Release|Any CPU.Build.0 = Release|Any CPU
	EndGlobalSection
	GlobalSection(SolutionProperties) = preSolution
		HideSolutionNode = FALSE
	EndGlobalSection
	GlobalSection(NestedProjects) = preSolution
		{8E41DF0F-6FB8-49BB-9A44-38DBD0D095AA} = {CD4141DD-EF47-4360-86A6-4C86D23335DE}
		{92872EBD-D424-4776-BA8A-13A4FD7D2CD3} = {CD4141DD-EF47-4360-86A6-4C86D23335DE}
		{6D91FCCA-8144-4EB1-9640-39186CB0AA59} = {CD4141DD-EF47-4360-86A6-4C86D23335DE}
		{AC531110-F58F-415A-93FA-F2A4828273DF} = {CD4141DD-EF47-4360-86A6-4C86D23335DE}
		{18F36A82-D412-48F0-BE44-9EDB3D349793} = {6D91FCCA-8144-4EB1-9640-39186CB0AA59}
		{C8CD800B-EF24-4AE0-9168-EF3AF6D13348} = {6D91FCCA-8144-4EB1-9640-39186CB0AA59}
		{CF737489-D02B-4DA7-9A46-AD31C91407D8} = {92872EBD-D424-4776-BA8A-13A4FD7D2CD3}
		{C4C023FD-A2D5-4FE9-B2C4-B9ED48E431AF} = {92872EBD-D424-4776-BA8A-13A4FD7D2CD3}
		{7EBE1F6A-F4B6-4E89-8419-32A77B61DD92} = {AC531110-F58F-415A-93FA-F2A4828273DF}
		{E43FB7A2-52F0-4B15-BB2F-D326D6966F75} = {AC531110-F58F-415A-93FA-F2A4828273DF}
		{C8DBC6DB-9D43-4C2C-9D90-BE4B6587D666} = {8E41DF0F-6FB8-49BB-9A44-38DBD0D095AA}
	EndGlobalSection
	GlobalSection(ExtensibilityGlobals) = postSolution
		SolutionGuid = {A2BBC250-FD81-4B58-9AC7-F0A55CA94191}
	EndGlobalSection
EndGlobal
